// !$*UTF8*$!
{
	archiveVersion = 1;
	classes = {
	};
	objectVersion = 50;
	objects = {

/* Begin PBXBuildFile section */
		A57E3477251E5E4300EF1DAC /* StackExchangeApp.swift in Sources */ = {isa = PBXBuildFile; fileRef = A57E3476251E5E4300EF1DAC /* StackExchangeApp.swift */; };
		A57E3479251E5E4300EF1DAC /* ContentView.swift in Sources */ = {isa = PBXBuildFile; fileRef = A57E3478251E5E4300EF1DAC /* ContentView.swift */; };
		A57E347B251E5E4500EF1DAC /* Assets.xcassets in Resources */ = {isa = PBXBuildFile; fileRef = A57E347A251E5E4500EF1DAC /* Assets.xcassets */; };
		A57E347E251E5E4500EF1DAC /* Preview Assets.xcassets in Resources */ = {isa = PBXBuildFile; fileRef = A57E347D251E5E4500EF1DAC /* Preview Assets.xcassets */; };
		A57E3489251E5E4500EF1DAC /* StackExchangeTests.swift in Sources */ = {isa = PBXBuildFile; fileRef = A57E3488251E5E4500EF1DAC /* StackExchangeTests.swift */; };
		A57E3494251E5E4500EF1DAC /* StackExchangeUITests.swift in Sources */ = {isa = PBXBuildFile; fileRef = A57E3493251E5E4500EF1DAC /* StackExchangeUITests.swift */; };
		A57E34A6251E5EA500EF1DAC /* PreviewData.swift in Sources */ = {isa = PBXBuildFile; fileRef = A57E34A5251E5EA500EF1DAC /* PreviewData.swift */; };
		A57E34AE251E5EC100EF1DAC /* Models.swift in Sources */ = {isa = PBXBuildFile; fileRef = A57E34AD251E5EC100EF1DAC /* Models.swift */; };
		A57E34B3251E5FB400EF1DAC /* StackExchangeAPI.swift in Sources */ = {isa = PBXBuildFile; fileRef = A57E34B2251E5FB400EF1DAC /* StackExchangeAPI.swift */; };
		A57E34B8251E5FE800EF1DAC /* QuestionListViewModel.swift in Sources */ = {isa = PBXBuildFile; fileRef = A57E34B7251E5FE800EF1DAC /* QuestionListViewModel.swift */; };
		A57E34BD251E600E00EF1DAC /* QuestionListCellViewModel.swift in Sources */ = {isa = PBXBuildFile; fileRef = A57E34BC251E600E00EF1DAC /* QuestionListCellViewModel.swift */; };
/* End PBXBuildFile section */

/* Begin PBXContainerItemProxy section */
		A57E3485251E5E4500EF1DAC /* PBXContainerItemProxy */ = {
			isa = PBXContainerItemProxy;
			containerPortal = A57E346B251E5E4300EF1DAC /* Project object */;
			proxyType = 1;
			remoteGlobalIDString = A57E3472251E5E4300EF1DAC;
			remoteInfo = StackExchange;
		};
		A57E3490251E5E4500EF1DAC /* PBXContainerItemProxy */ = {
			isa = PBXContainerItemProxy;
			containerPortal = A57E346B251E5E4300EF1DAC /* Project object */;
			proxyType = 1;
			remoteGlobalIDString = A57E3472251E5E4300EF1DAC;
			remoteInfo = StackExchange;
		};
/* End PBXContainerItemProxy section */

/* Begin PBXFileReference section */
		A57E3473251E5E4300EF1DAC /* StackExchange.app */ = {isa = PBXFileReference; explicitFileType = wrapper.application; includeInIndex = 0; path = StackExchange.app; sourceTree = BUILT_PRODUCTS_DIR; };
		A57E3476251E5E4300EF1DAC /* StackExchangeApp.swift */ = {isa = PBXFileReference; lastKnownFileType = sourcecode.swift; path = StackExchangeApp.swift; sourceTree = "<group>"; };
		A57E3478251E5E4300EF1DAC /* ContentView.swift */ = {isa = PBXFileReference; lastKnownFileType = sourcecode.swift; path = ContentView.swift; sourceTree = "<group>"; };
		A57E347A251E5E4500EF1DAC /* Assets.xcassets */ = {isa = PBXFileReference; lastKnownFileType = folder.assetcatalog; path = Assets.xcassets; sourceTree = "<group>"; };
		A57E347D251E5E4500EF1DAC /* Preview Assets.xcassets */ = {isa = PBXFileReference; lastKnownFileType = folder.assetcatalog; path = "Preview Assets.xcassets"; sourceTree = "<group>"; };
		A57E347F251E5E4500EF1DAC /* Info.plist */ = {isa = PBXFileReference; lastKnownFileType = text.plist.xml; path = Info.plist; sourceTree = "<group>"; };
		A57E3484251E5E4500EF1DAC /* StackExchangeTests.xctest */ = {isa = PBXFileReference; explicitFileType = wrapper.cfbundle; includeInIndex = 0; path = StackExchangeTests.xctest; sourceTree = BUILT_PRODUCTS_DIR; };
		A57E3488251E5E4500EF1DAC /* StackExchangeTests.swift */ = {isa = PBXFileReference; lastKnownFileType = sourcecode.swift; path = StackExchangeTests.swift; sourceTree = "<group>"; };
		A57E348A251E5E4500EF1DAC /* Info.plist */ = {isa = PBXFileReference; lastKnownFileType = text.plist.xml; path = Info.plist; sourceTree = "<group>"; };
		A57E348F251E5E4500EF1DAC /* StackExchangeUITests.xctest */ = {isa = PBXFileReference; explicitFileType = wrapper.cfbundle; includeInIndex = 0; path = StackExchangeUITests.xctest; sourceTree = BUILT_PRODUCTS_DIR; };
		A57E3493251E5E4500EF1DAC /* StackExchangeUITests.swift */ = {isa = PBXFileReference; lastKnownFileType = sourcecode.swift; path = StackExchangeUITests.swift; sourceTree = "<group>"; };
		A57E3495251E5E4500EF1DAC /* Info.plist */ = {isa = PBXFileReference; lastKnownFileType = text.plist.xml; path = Info.plist; sourceTree = "<group>"; };
		A57E34A5251E5EA500EF1DAC /* PreviewData.swift */ = {isa = PBXFileReference; lastKnownFileType = sourcecode.swift; path = PreviewData.swift; sourceTree = "<group>"; };
		A57E34AD251E5EC100EF1DAC /* Models.swift */ = {isa = PBXFileReference; lastKnownFileType = sourcecode.swift; path = Models.swift; sourceTree = "<group>"; };
		A57E34B2251E5FB400EF1DAC /* StackExchangeAPI.swift */ = {isa = PBXFileReference; lastKnownFileType = sourcecode.swift; path = StackExchangeAPI.swift; sourceTree = "<group>"; };
		A57E34B7251E5FE800EF1DAC /* QuestionListViewModel.swift */ = {isa = PBXFileReference; lastKnownFileType = sourcecode.swift; path = QuestionListViewModel.swift; sourceTree = "<group>"; };
		A57E34BC251E600E00EF1DAC /* QuestionListCellViewModel.swift */ = {isa = PBXFileReference; lastKnownFileType = sourcecode.swift; path = QuestionListCellViewModel.swift; sourceTree = "<group>"; };
/* End PBXFileReference section */

/* Begin PBXFrameworksBuildPhase section */
		A57E3470251E5E4300EF1DAC /* Frameworks */ = {
			isa = PBXFrameworksBuildPhase;
			buildActionMask = 2147483647;
			files = (
			);
			runOnlyForDeploymentPostprocessing = 0;
		};
		A57E3481251E5E4500EF1DAC /* Frameworks */ = {
			isa = PBXFrameworksBuildPhase;
			buildActionMask = 2147483647;
			files = (
			);
			runOnlyForDeploymentPostprocessing = 0;
		};
		A57E348C251E5E4500EF1DAC /* Frameworks */ = {
			isa = PBXFrameworksBuildPhase;
			buildActionMask = 2147483647;
			files = (
			);
			runOnlyForDeploymentPostprocessing = 0;
		};
/* End PBXFrameworksBuildPhase section */

/* Begin PBXGroup section */
		A57E346A251E5E4300EF1DAC = {
			isa = PBXGroup;
			children = (
				A57E3475251E5E4300EF1DAC /* StackExchange */,
				A57E3487251E5E4500EF1DAC /* StackExchangeTests */,
				A57E3492251E5E4500EF1DAC /* StackExchangeUITests */,
				A57E3474251E5E4300EF1DAC /* Products */,
			);
			sourceTree = "<group>";
		};
		A57E3474251E5E4300EF1DAC /* Products */ = {
			isa = PBXGroup;
			children = (
				A57E3473251E5E4300EF1DAC /* StackExchange.app */,
				A57E3484251E5E4500EF1DAC /* StackExchangeTests.xctest */,
				A57E348F251E5E4500EF1DAC /* StackExchangeUITests.xctest */,
			);
			name = Products;
			sourceTree = "<group>";
		};
		A57E3475251E5E4300EF1DAC /* StackExchange */ = {
			isa = PBXGroup;
			children = (
				A57E34A4251E5E8700EF1DAC /* Models */,
				A57E3476251E5E4300EF1DAC /* StackExchangeApp.swift */,
				A57E3478251E5E4300EF1DAC /* ContentView.swift */,
				A57E347A251E5E4500EF1DAC /* Assets.xcassets */,
				A57E347F251E5E4500EF1DAC /* Info.plist */,
				A57E347C251E5E4500EF1DAC /* Preview Content */,
			);
			path = StackExchange;
			sourceTree = "<group>";
		};
		A57E347C251E5E4500EF1DAC /* Preview Content */ = {
			isa = PBXGroup;
			children = (
				A57E347D251E5E4500EF1DAC /* Preview Assets.xcassets */,
			);
			path = "Preview Content";
			sourceTree = "<group>";
		};
		A57E3487251E5E4500EF1DAC /* StackExchangeTests */ = {
			isa = PBXGroup;
			children = (
				A57E3488251E5E4500EF1DAC /* StackExchangeTests.swift */,
				A57E348A251E5E4500EF1DAC /* Info.plist */,
			);
			path = StackExchangeTests;
			sourceTree = "<group>";
		};
		A57E3492251E5E4500EF1DAC /* StackExchangeUITests */ = {
			isa = PBXGroup;
			children = (
				A57E3493251E5E4500EF1DAC /* StackExchangeUITests.swift */,
				A57E3495251E5E4500EF1DAC /* Info.plist */,
			);
			path = StackExchangeUITests;
			sourceTree = "<group>";
		};
		A57E34A4251E5E8700EF1DAC /* Models */ = {
			isa = PBXGroup;
			children = (
				A57E34A5251E5EA500EF1DAC /* PreviewData.swift */,
				A57E34AD251E5EC100EF1DAC /* Models.swift */,
				A57E34B2251E5FB400EF1DAC /* StackExchangeAPI.swift */,
				A57E34B7251E5FE800EF1DAC /* QuestionListViewModel.swift */,
				A57E34BC251E600E00EF1DAC /* QuestionListCellViewModel.swift */,
			);
			path = Models;
			sourceTree = "<group>";
		};
/* End PBXGroup section */

/* Begin PBXNativeTarget section */
		A57E3472251E5E4300EF1DAC /* StackExchange */ = {
			isa = PBXNativeTarget;
			buildConfigurationList = A57E3498251E5E4500EF1DAC /* Build configuration list for PBXNativeTarget "StackExchange" */;
			buildPhases = (
				A57E346F251E5E4300EF1DAC /* Sources */,
				A57E3470251E5E4300EF1DAC /* Frameworks */,
				A57E3471251E5E4300EF1DAC /* Resources */,
			);
			buildRules = (
			);
			dependencies = (
			);
			name = StackExchange;
			productName = StackExchange;
			productReference = A57E3473251E5E4300EF1DAC /* StackExchange.app */;
			productType = "com.apple.product-type.application";
		};
		A57E3483251E5E4500EF1DAC /* StackExchangeTests */ = {
			isa = PBXNativeTarget;
			buildConfigurationList = A57E349B251E5E4500EF1DAC /* Build configuration list for PBXNativeTarget "StackExchangeTests" */;
			buildPhases = (
				A57E3480251E5E4500EF1DAC /* Sources */,
				A57E3481251E5E4500EF1DAC /* Frameworks */,
				A57E3482251E5E4500EF1DAC /* Resources */,
			);
			buildRules = (
			);
			dependencies = (
				A57E3486251E5E4500EF1DAC /* PBXTargetDependency */,
			);
			name = StackExchangeTests;
			productName = StackExchangeTests;
			productReference = A57E3484251E5E4500EF1DAC /* StackExchangeTests.xctest */;
			productType = "com.apple.product-type.bundle.unit-test";
		};
		A57E348E251E5E4500EF1DAC /* StackExchangeUITests */ = {
			isa = PBXNativeTarget;
			buildConfigurationList = A57E349E251E5E4500EF1DAC /* Build configuration list for PBXNativeTarget "StackExchangeUITests" */;
			buildPhases = (
				A57E348B251E5E4500EF1DAC /* Sources */,
				A57E348C251E5E4500EF1DAC /* Frameworks */,
				A57E348D251E5E4500EF1DAC /* Resources */,
			);
			buildRules = (
			);
			dependencies = (
				A57E3491251E5E4500EF1DAC /* PBXTargetDependency */,
			);
			name = StackExchangeUITests;
			productName = StackExchangeUITests;
			productReference = A57E348F251E5E4500EF1DAC /* StackExchangeUITests.xctest */;
			productType = "com.apple.product-type.bundle.ui-testing";
		};
/* End PBXNativeTarget section */

/* Begin PBXProject section */
		A57E346B251E5E4300EF1DAC /* Project object */ = {
			isa = PBXProject;
			attributes = {
				LastSwiftUpdateCheck = 1200;
				LastUpgradeCheck = 1200;
				TargetAttributes = {
					A57E3472251E5E4300EF1DAC = {
						CreatedOnToolsVersion = 12.0;
					};
					A57E3483251E5E4500EF1DAC = {
						CreatedOnToolsVersion = 12.0;
						TestTargetID = A57E3472251E5E4300EF1DAC;
					};
					A57E348E251E5E4500EF1DAC = {
						CreatedOnToolsVersion = 12.0;
						TestTargetID = A57E3472251E5E4300EF1DAC;
					};
				};
			};
			buildConfigurationList = A57E346E251E5E4300EF1DAC /* Build configuration list for PBXProject "StackExchange" */;
			compatibilityVersion = "Xcode 9.3";
			developmentRegion = en;
			hasScannedForEncodings = 0;
			knownRegions = (
				en,
				Base,
			);
			mainGroup = A57E346A251E5E4300EF1DAC;
			productRefGroup = A57E3474251E5E4300EF1DAC /* Products */;
			projectDirPath = "";
			projectRoot = "";
			targets = (
				A57E3472251E5E4300EF1DAC /* StackExchange */,
				A57E3483251E5E4500EF1DAC /* StackExchangeTests */,
				A57E348E251E5E4500EF1DAC /* StackExchangeUITests */,
			);
		};
/* End PBXProject section */

/* Begin PBXResourcesBuildPhase section */
		A57E3471251E5E4300EF1DAC /* Resources */ = {
			isa = PBXResourcesBuildPhase;
			buildActionMask = 2147483647;
			files = (
				A57E347E251E5E4500EF1DAC /* Preview Assets.xcassets in Resources */,
				A57E347B251E5E4500EF1DAC /* Assets.xcassets in Resources */,
			);
			runOnlyForDeploymentPostprocessing = 0;
		};
		A57E3482251E5E4500EF1DAC /* Resources */ = {
			isa = PBXResourcesBuildPhase;
			buildActionMask = 2147483647;
			files = (
			);
			runOnlyForDeploymentPostprocessing = 0;
		};
		A57E348D251E5E4500EF1DAC /* Resources */ = {
			isa = PBXResourcesBuildPhase;
			buildActionMask = 2147483647;
			files = (
			);
			runOnlyForDeploymentPostprocessing = 0;
		};
/* End PBXResourcesBuildPhase section */

/* Begin PBXSourcesBuildPhase section */
		A57E346F251E5E4300EF1DAC /* Sources */ = {
			isa = PBXSourcesBuildPhase;
			buildActionMask = 2147483647;
			files = (
				A57E34B3251E5FB400EF1DAC /* StackExchangeAPI.swift in Sources */,
				A57E3479251E5E4300EF1DAC /* ContentView.swift in Sources */,
				A57E34BD251E600E00EF1DAC /* QuestionListCellViewModel.swift in Sources */,
				A57E34B8251E5FE800EF1DAC /* QuestionListViewModel.swift in Sources */,
				A57E3477251E5E4300EF1DAC /* StackExchangeApp.swift in Sources */,
				A57E34A6251E5EA500EF1DAC /* PreviewData.swift in Sources */,
				A57E34AE251E5EC100EF1DAC /* Models.swift in Sources */,
			);
			runOnlyForDeploymentPostprocessing = 0;
		};
		A57E3480251E5E4500EF1DAC /* Sources */ = {
			isa = PBXSourcesBuildPhase;
			buildActionMask = 2147483647;
			files = (
				A57E3489251E5E4500EF1DAC /* StackExchangeTests.swift in Sources */,
			);
			runOnlyForDeploymentPostprocessing = 0;
		};
		A57E348B251E5E4500EF1DAC /* Sources */ = {
			isa = PBXSourcesBuildPhase;
			buildActionMask = 2147483647;
			files = (
				A57E3494251E5E4500EF1DAC /* StackExchangeUITests.swift in Sources */,
			);
			runOnlyForDeploymentPostprocessing = 0;
		};
/* End PBXSourcesBuildPhase section */

/* Begin PBXTargetDependency section */
		A57E3486251E5E4500EF1DAC /* PBXTargetDependency */ = {
			isa = PBXTargetDependency;
			target = A57E3472251E5E4300EF1DAC /* StackExchange */;
			targetProxy = A57E3485251E5E4500EF1DAC /* PBXContainerItemProxy */;
		};
		A57E3491251E5E4500EF1DAC /* PBXTargetDependency */ = {
			isa = PBXTargetDependency;
			target = A57E3472251E5E4300EF1DAC /* StackExchange */;
			targetProxy = A57E3490251E5E4500EF1DAC /* PBXContainerItemProxy */;
		};
/* End PBXTargetDependency section */

/* Begin XCBuildConfiguration section */
		A57E3496251E5E4500EF1DAC /* Debug */ = {
			isa = XCBuildConfiguration;
			buildSettings = {
				ALWAYS_SEARCH_USER_PATHS = NO;
				CLANG_ANALYZER_NONNULL = YES;
				CLANG_ANALYZER_NUMBER_OBJECT_CONVERSION = YES_AGGRESSIVE;
				CLANG_CXX_LANGUAGE_STANDARD = "gnu++14";
				CLANG_CXX_LIBRARY = "libc++";
				CLANG_ENABLE_MODULES = YES;
				CLANG_ENABLE_OBJC_ARC = YES;
				CLANG_ENABLE_OBJC_WEAK = YES;
				CLANG_WARN_BLOCK_CAPTURE_AUTORELEASING = YES;
				CLANG_WARN_BOOL_CONVERSION = YES;
				CLANG_WARN_COMMA = YES;
				CLANG_WARN_CONSTANT_CONVERSION = YES;
				CLANG_WARN_DEPRECATED_OBJC_IMPLEMENTATIONS = YES;
				CLANG_WARN_DIRECT_OBJC_ISA_USAGE = YES_ERROR;
				CLANG_WARN_DOCUMENTATION_COMMENTS = YES;
				CLANG_WARN_EMPTY_BODY = YES;
				CLANG_WARN_ENUM_CONVERSION = YES;
				CLANG_WARN_INFINITE_RECURSION = YES;
				CLANG_WARN_INT_CONVERSION = YES;
				CLANG_WARN_NON_LITERAL_NULL_CONVERSION = YES;
				CLANG_WARN_OBJC_IMPLICIT_RETAIN_SELF = YES;
				CLANG_WARN_OBJC_LITERAL_CONVERSION = YES;
				CLANG_WARN_OBJC_ROOT_CLASS = YES_ERROR;
				CLANG_WARN_QUOTED_INCLUDE_IN_FRAMEWORK_HEADER = YES;
				CLANG_WARN_RANGE_LOOP_ANALYSIS = YES;
				CLANG_WARN_STRICT_PROTOTYPES = YES;
				CLANG_WARN_SUSPICIOUS_MOVE = YES;
				CLANG_WARN_UNGUARDED_AVAILABILITY = YES_AGGRESSIVE;
				CLANG_WARN_UNREACHABLE_CODE = YES;
				CLANG_WARN__DUPLICATE_METHOD_MATCH = YES;
				COPY_PHASE_STRIP = NO;
				DEBUG_INFORMATION_FORMAT = dwarf;
				ENABLE_STRICT_OBJC_MSGSEND = YES;
				ENABLE_TESTABILITY = YES;
				GCC_C_LANGUAGE_STANDARD = gnu11;
				GCC_DYNAMIC_NO_PIC = NO;
				GCC_NO_COMMON_BLOCKS = YES;
				GCC_OPTIMIZATION_LEVEL = 0;
				GCC_PREPROCESSOR_DEFINITIONS = (
					"DEBUG=1",
					"$(inherited)",
				);
				GCC_WARN_64_TO_32_BIT_CONVERSION = YES;
				GCC_WARN_ABOUT_RETURN_TYPE = YES_ERROR;
				GCC_WARN_UNDECLARED_SELECTOR = YES;
				GCC_WARN_UNINITIALIZED_AUTOS = YES_AGGRESSIVE;
				GCC_WARN_UNUSED_FUNCTION = YES;
				GCC_WARN_UNUSED_VARIABLE = YES;
				IPHONEOS_DEPLOYMENT_TARGET = 14.0;
				MTL_ENABLE_DEBUG_INFO = INCLUDE_SOURCE;
				MTL_FAST_MATH = YES;
				ONLY_ACTIVE_ARCH = YES;
				SDKROOT = iphoneos;
				SWIFT_ACTIVE_COMPILATION_CONDITIONS = DEBUG;
				SWIFT_OPTIMIZATION_LEVEL = "-Onone";
			};
			name = Debug;
		};
		A57E3497251E5E4500EF1DAC /* Release */ = {
			isa = XCBuildConfiguration;
			buildSettings = {
				ALWAYS_SEARCH_USER_PATHS = NO;
				CLANG_ANALYZER_NONNULL = YES;
				CLANG_ANALYZER_NUMBER_OBJECT_CONVERSION = YES_AGGRESSIVE;
				CLANG_CXX_LANGUAGE_STANDARD = "gnu++14";
				CLANG_CXX_LIBRARY = "libc++";
				CLANG_ENABLE_MODULES = YES;
				CLANG_ENABLE_OBJC_ARC = YES;
				CLANG_ENABLE_OBJC_WEAK = YES;
				CLANG_WARN_BLOCK_CAPTURE_AUTORELEASING = YES;
				CLANG_WARN_BOOL_CONVERSION = YES;
				CLANG_WARN_COMMA = YES;
				CLANG_WARN_CONSTANT_CONVERSION = YES;
				CLANG_WARN_DEPRECATED_OBJC_IMPLEMENTATIONS = YES;
				CLANG_WARN_DIRECT_OBJC_ISA_USAGE = YES_ERROR;
				CLANG_WARN_DOCUMENTATION_COMMENTS = YES;
				CLANG_WARN_EMPTY_BODY = YES;
				CLANG_WARN_ENUM_CONVERSION = YES;
				CLANG_WARN_INFINITE_RECURSION = YES;
				CLANG_WARN_INT_CONVERSION = YES;
				CLANG_WARN_NON_LITERAL_NULL_CONVERSION = YES;
				CLANG_WARN_OBJC_IMPLICIT_RETAIN_SELF = YES;
				CLANG_WARN_OBJC_LITERAL_CONVERSION = YES;
				CLANG_WARN_OBJC_ROOT_CLASS = YES_ERROR;
				CLANG_WARN_QUOTED_INCLUDE_IN_FRAMEWORK_HEADER = YES;
				CLANG_WARN_RANGE_LOOP_ANALYSIS = YES;
				CLANG_WARN_STRICT_PROTOTYPES = YES;
				CLANG_WARN_SUSPICIOUS_MOVE = YES;
				CLANG_WARN_UNGUARDED_AVAILABILITY = YES_AGGRESSIVE;
				CLANG_WARN_UNREACHABLE_CODE = YES;
				CLANG_WARN__DUPLICATE_METHOD_MATCH = YES;
				COPY_PHASE_STRIP = NO;
				DEBUG_INFORMATION_FORMAT = "dwarf-with-dsym";
				ENABLE_NS_ASSERTIONS = NO;
				ENABLE_STRICT_OBJC_MSGSEND = YES;
				GCC_C_LANGUAGE_STANDARD = gnu11;
				GCC_NO_COMMON_BLOCKS = YES;
				GCC_WARN_64_TO_32_BIT_CONVERSION = YES;
				GCC_WARN_ABOUT_RETURN_TYPE = YES_ERROR;
				GCC_WARN_UNDECLARED_SELECTOR = YES;
				GCC_WARN_UNINITIALIZED_AUTOS = YES_AGGRESSIVE;
				GCC_WARN_UNUSED_FUNCTION = YES;
				GCC_WARN_UNUSED_VARIABLE = YES;
				IPHONEOS_DEPLOYMENT_TARGET = 14.0;
				MTL_ENABLE_DEBUG_INFO = NO;
				MTL_FAST_MATH = YES;
				SDKROOT = iphoneos;
				SWIFT_COMPILATION_MODE = wholemodule;
				SWIFT_OPTIMIZATION_LEVEL = "-O";
				VALIDATE_PRODUCT = YES;
			};
			name = Release;
		};
		A57E3499251E5E4500EF1DAC /* Debug */ = {
			isa = XCBuildConfiguration;
			buildSettings = {
				ASSETCATALOG_COMPILER_APPICON_NAME = AppIcon;
				ASSETCATALOG_COMPILER_GLOBAL_ACCENT_COLOR_NAME = AccentColor;
				CODE_SIGN_STYLE = Automatic;
				DEVELOPMENT_ASSET_PATHS = "\"StackExchange/Preview Content\"";
				DEVELOPMENT_TEAM = 4LSP6XZ5DY;
				ENABLE_PREVIEWS = YES;
				INFOPLIST_FILE = StackExchange/Info.plist;
				IPHONEOS_DEPLOYMENT_TARGET = 14.0;
				LD_RUNPATH_SEARCH_PATHS = (
					"$(inherited)",
					"@executable_path/Frameworks",
				);
				PRODUCT_BUNDLE_IDENTIFIER = com.StackExchange;
				PRODUCT_NAME = "$(TARGET_NAME)";
				SWIFT_VERSION = 5.0;
				TARGETED_DEVICE_FAMILY = "1,2";
			};
			name = Debug;
		};
		A57E349A251E5E4500EF1DAC /* Release */ = {
			isa = XCBuildConfiguration;
			buildSettings = {
				ASSETCATALOG_COMPILER_APPICON_NAME = AppIcon;
				ASSETCATALOG_COMPILER_GLOBAL_ACCENT_COLOR_NAME = AccentColor;
				CODE_SIGN_STYLE = Automatic;
				DEVELOPMENT_ASSET_PATHS = "\"StackExchange/Preview Content\"";
				DEVELOPMENT_TEAM = 4LSP6XZ5DY;
				ENABLE_PREVIEWS = YES;
				INFOPLIST_FILE = StackExchange/Info.plist;
				IPHONEOS_DEPLOYMENT_TARGET = 14.0;
				LD_RUNPATH_SEARCH_PATHS = (
					"$(inherited)",
					"@executable_path/Frameworks",
				);
				PRODUCT_BUNDLE_IDENTIFIER = com.StackExchange;
				PRODUCT_NAME = "$(TARGET_NAME)";
				SWIFT_VERSION = 5.0;
				TARGETED_DEVICE_FAMILY = "1,2";
			};
			name = Release;
		};
		A57E349C251E5E4500EF1DAC /* Debug */ = {
			isa = XCBuildConfiguration;
			buildSettings = {
				ALWAYS_EMBED_SWIFT_STANDARD_LIBRARIES = YES;
				BUNDLE_LOADER = "$(TEST_HOST)";
				CODE_SIGN_STYLE = Automatic;
				DEVELOPMENT_TEAM = 4LSP6XZ5DY;
				INFOPLIST_FILE = StackExchangeTests/Info.plist;
				IPHONEOS_DEPLOYMENT_TARGET = 14.0;
				LD_RUNPATH_SEARCH_PATHS = (
					"$(inherited)",
					"@executable_path/Frameworks",
					"@loader_path/Frameworks",
				);
				PRODUCT_BUNDLE_IDENTIFIER = com.StackExchangeTests;
				PRODUCT_NAME = "$(TARGET_NAME)";
				SWIFT_VERSION = 5.0;
				TARGETED_DEVICE_FAMILY = "1,2";
				TEST_HOST = "$(BUILT_PRODUCTS_DIR)/StackExchange.app/StackExchange";
			};
			name = Debug;
		};
		A57E349D251E5E4500EF1DAC /* Release */ = {
			isa = XCBuildConfiguration;
			buildSettings = {
				ALWAYS_EMBED_SWIFT_STANDARD_LIBRARIES = YES;
				BUNDLE_LOADER = "$(TEST_HOST)";
				CODE_SIGN_STYLE = Automatic;
				DEVELOPMENT_TEAM = 4LSP6XZ5DY;
				INFOPLIST_FILE = StackExchangeTests/Info.plist;
				IPHONEOS_DEPLOYMENT_TARGET = 14.0;
				LD_RUNPATH_SEARCH_PATHS = (
					"$(inherited)",
					"@executable_path/Frameworks",
					"@loader_path/Frameworks",
				);
				PRODUCT_BUNDLE_IDENTIFIER = com.StackExchangeTests;
				PRODUCT_NAME = "$(TARGET_NAME)";
				SWIFT_VERSION = 5.0;
				TARGETED_DEVICE_FAMILY = "1,2";
				TEST_HOST = "$(BUILT_PRODUCTS_DIR)/StackExchange.app/StackExchange";
			};
			name = Release;
		};
		A57E349F251E5E4500EF1DAC /* Debug */ = {
			isa = XCBuildConfiguration;
			buildSettings = {
				ALWAYS_EMBED_SWIFT_STANDARD_LIBRARIES = YES;
				CODE_SIGN_STYLE = Automatic;
				DEVELOPMENT_TEAM = 4LSP6XZ5DY;
				INFOPLIST_FILE = StackExchangeUITests/Info.plist;
				LD_RUNPATH_SEARCH_PATHS = (
					"$(inherited)",
					"@executable_path/Frameworks",
					"@loader_path/Frameworks",
				);
				PRODUCT_BUNDLE_IDENTIFIER = com.StackExchangeUITests;
				PRODUCT_NAME = "$(TARGET_NAME)";
				SWIFT_VERSION = 5.0;
				TARGETED_DEVICE_FAMILY = "1,2";
				TEST_TARGET_NAME = StackExchange;
			};
			name = Debug;
		};
		A57E34A0251E5E4500EF1DAC /* Release */ = {
			isa = XCBuildConfiguration;
			buildSettings = {
				ALWAYS_EMBED_SWIFT_STANDARD_LIBRARIES = YES;
				CODE_SIGN_STYLE = Automatic;
				DEVELOPMENT_TEAM = 4LSP6XZ5DY;
				INFOPLIST_FILE = StackExchangeUITests/Info.plist;
				LD_RUNPATH_SEARCH_PATHS = (
					"$(inherited)",
					"@executable_path/Frameworks",
					"@loader_path/Frameworks",
				);
				PRODUCT_BUNDLE_IDENTIFIER = com.StackExchangeUITests;
				PRODUCT_NAME = "$(TARGET_NAME)";
				SWIFT_VERSION = 5.0;
				TARGETED_DEVICE_FAMILY = "1,2";
				TEST_TARGET_NAME = StackExchange;
			};
			name = Release;
		};
/* End XCBuildConfiguration section */

/* Begin XCConfigurationList section */
		A57E346E251E5E4300EF1DAC /* Build configuration list for PBXProject "StackExchange" */ = {
			isa = XCConfigurationList;
			buildConfigurations = (
				A57E3496251E5E4500EF1DAC /* Debug */,
				A57E3497251E5E4500EF1DAC /* Release */,
			);
			defaultConfigurationIsVisible = 0;
			defaultConfigurationName = Release;
		};
		A57E3498251E5E4500EF1DAC /* Build configuration list for PBXNativeTarget "StackExchange" */ = {
			isa = XCConfigurationList;
			buildConfigurations = (
				A57E3499251E5E4500EF1DAC /* Debug */,
				A57E349A251E5E4500EF1DAC /* Release */,
			);
			defaultConfigurationIsVisible = 0;
			defaultConfigurationName = Release;
		};
		A57E349B251E5E4500EF1DAC /* Build configuration list for PBXNativeTarget "StackExchangeTests" */ = {
			isa = XCConfigurationList;
			buildConfigurations = (
				A57E349C251E5E4500EF1DAC /* Debug */,
				A57E349D251E5E4500EF1DAC /* Release */,
			);
			defaultConfigurationIsVisible = 0;
			defaultConfigurationName = Release;
		};
		A57E349E251E5E4500EF1DAC /* Build configuration list for PBXNativeTarget "StackExchangeUITests" */ = {
			isa = XCConfigurationList;
			buildConfigurations = (
				A57E349F251E5E4500EF1DAC /* Debug */,
				A57E34A0251E5E4500EF1DAC /* Release */,
			);
			defaultConfigurationIsVisible = 0;
			defaultConfigurationName = Release;
		};
/* End XCConfigurationList section */
	};
	rootObject = A57E346B251E5E4300EF1DAC /* Project object */;
}
